github.com/go-gfx/gfx v0.1.0 h1:tBwT4YYnsdZlESY5MRp8aptg30iZxIH0G/8pZ/Ve3ZY=
github.com/go-gfx/gfx v0.1.0/go.mod h1:bFt/MWyYWRU3Ic9IaB8XOC9KLMMHRRmahMk4FaIGK7g=
github.com/go-images/images v0.0.0-20260811115337-bc5d586f8e38 h1:p+DjIujiwUvBiyD0oS9SUatf3pMKo0GpcA4p/Kyv7d8=
github.com/go-images/images v0.0.0-20260811115337-bc5d586f8e38/go.mod h1:nWwQCf77xG1GhaSD3rvlp7FNjjDhz47vrztyeBvIerk=
github.com/go-opentype/bidi v0.2.1 h1:7xCGqywPYxmwSfPBgP1Ewrp2Iwg2S03NeKxGWTz2guo=
github.com/go-opentype/bidi v0.2.1/go.mod h1:PaWZ9P93jwQaXsEvAoSxvJ3P70S9f8TuFGDstTvcfmM=
github.com/go-opentype/fonts v0.6.0 h1:pUKITjwC/gZg+XNCqP5eGLi8RHu2RAIcDrr6yp1VKMU=
github.com/go-opentype/fonts v0.6.0/go.mod h1:C6yQL2apHItfEZ5hztpsHF0S5mlX/hklLlq/Z5fRG/g=
github.com/go-opentype/opentype v0.5.0 h1:++VoqgbXgYACyTTNzUAivoxW9M3m2gxWMAn6bIY7DXg=
github.com/go-opentype/opentype v0.5.0/go.mod h1:AOixevJf7XQaH7+WG+OMIOZEbYPXfMqklVk26Y6YTUU=
github.com/go-opentype/shape v0.4.0 h1:Yz8ooo9+7HlzuzS72YWjJVM22GNGFf6jcxWfNNJOsng=
github.com/go-opentype/shape v0.4.0/go.mod h1:7kybm69yrtRgQnjaxPyYI9nPRFFdBdzlrmjcYCBfCbg=
github.com/go-widgets/mvvm v0.5.0 h1:o5hh6HAxbApONcbZxmyV9q12pCAPGRd6L24aS3gaCbA=
github.com/go-widgets/mvvm v0.5.0/go.mod h1:Phdrd434RLxXW1D6dL1PPQH1tABwYLIN2X7jQVC4TbY=
github.com/go-widgets/painter v0.11.0 h1:xsj4zTz8B43rOZnWrx7ZsaUBMgJyvgaE/Pq2FfcG2Sw=
github.com/go-widgets/painter v0.11.0/go.mod h1:IPRLqdUJuJX8sfuHeYLZCzjoLvA0ApbOlyIAVmguJDQ=
github.com/go-widgets/toolkit v0.179.0 h1:SQnj3/JcazClGnYuHpcyLrchWvmEeS04QM7G1WJDXNE=
github.com/go-widgets/toolkit v0.179.0/go.mod h1:bejJoX1JvlJXc+FU95Dq2QKBAqd3Rgj95iiTQu9KZXo=
