github.com/go-gfx/gfx v0.1.0 h1:tBwT4YYnsdZlESY5MRp8aptg30iZxIH0G/8pZ/Ve3ZY=
github.com/go-gfx/gfx v0.1.0/go.mod h1:bFt/MWyYWRU3Ic9IaB8XOC9KLMMHRRmahMk4FaIGK7g=
github.com/go-opentype/bidi v0.2.0 h1:ze8chEUw22c98LZug2GByD9cc3Zuq0qARxrSLGj1ioQ=
github.com/go-opentype/bidi v0.2.0/go.mod h1:PaWZ9P93jwQaXsEvAoSxvJ3P70S9f8TuFGDstTvcfmM=
github.com/go-opentype/fonts v0.4.1 h1:f2vVTa0QXiLjW2A5TwyPx0PFgQa9GYlysfgR5C2bbsQ=
github.com/go-opentype/fonts v0.4.1/go.mod h1:C6yQL2apHItfEZ5hztpsHF0S5mlX/hklLlq/Z5fRG/g=
github.com/go-opentype/opentype v0.5.0 h1:++VoqgbXgYACyTTNzUAivoxW9M3m2gxWMAn6bIY7DXg=
github.com/go-opentype/opentype v0.5.0/go.mod h1:AOixevJf7XQaH7+WG+OMIOZEbYPXfMqklVk26Y6YTUU=
github.com/go-opentype/shape v0.3.3 h1:oo6e/cnA4VYmQ7T8epr6OoO3mQS4zC2PrT2jMx2orAE=
github.com/go-opentype/shape v0.3.3/go.mod h1:oVq3kFGx6kIHKrFXfxqnp8JUYR7k9NzeY+E17LYHhrU=
github.com/go-widgets/painter v0.11.0 h1:xsj4zTz8B43rOZnWrx7ZsaUBMgJyvgaE/Pq2FfcG2Sw=
github.com/go-widgets/painter v0.11.0/go.mod h1:IPRLqdUJuJX8sfuHeYLZCzjoLvA0ApbOlyIAVmguJDQ=
github.com/go-widgets/toolkit v0.114.0 h1:4DvoP9gTSMZh6a3DJ8z14kvVwKMp+RvAg/BTXf/r7Kc=
github.com/go-widgets/toolkit v0.114.0/go.mod h1:uBYcJJeBA2hqHiTlKaLsPZ9t/NsBA6DFtpp33i5l5/8=
